
Microsoft Visual Studio Solution File, Format Version 12.00
# Visual Studio Version 17
VisualStudioVersion = 17.5.33627.172
MinimumVisualStudioVersion = 10.0.40219.1
Project("{FAE04EC0-301F-11D3-BF4B-00C04F79EFBC}") = "CSV_Reader", "CSV_Reader\CSV_Reader.csproj", "{650FAB03-17F8-42A2-A573-58217D946A26}"
EndProject
Project("{FAE04EC0-301F-11D3-BF4B-00C04F79EFBC}") = "Lib", "Lib\Lib.csproj", "{193AB79E-ABA5-446F-A04F-C588832C0B23}"
EndProject
Project("{FAE04EC0-301F-11D3-BF4B-00C04F79EFBC}") = "DAL", "DAL\DAL.csproj", "{6358BE86-F97E-4EA9-A1AA-BF81B309C900}"
EndProject
Global
	GlobalSection(SolutionConfigurationPlatforms) = preSolution
		Debug|Any CPU = Debug|Any CPU
		Release|Any CPU = Release|Any CPU
	EndGlobalSection
	GlobalSection(ProjectConfigurationPlatforms) = postSolution
		{650FAB03-17F8-42A2-A573-58217D946A26}.Debug|Any CPU.ActiveCfg = Debug|Any CPU
		{650FAB03-17F8-42A2-A573-58217D946A26}.Debug|Any CPU.Build.0 = Debug|Any CPU
		{650FAB03-17F8-42A2-A573-58217D946A26}.Release|Any CPU.ActiveCfg = Release|Any CPU
		{650FAB03-17F8-42A2-A573-58217D946A26}.Release|Any CPU.Build.0 = Release|Any CPU
		{193AB79E-ABA5-446F-A04F-C588832C0B23}.Debug|Any CPU.ActiveCfg = Debug|Any CPU
		{193AB79E-ABA5-446F-A04F-C588832C0B23}.Debug|Any CPU.Build.0 = Debug|Any CPU
		{193AB79E-ABA5-446F-A04F-C588832C0B23}.Release|Any CPU.ActiveCfg = Release|Any CPU
		{193AB79E-ABA5-446F-A04F-C588832C0B23}.Release|Any CPU.Build.0 = Release|Any CPU
		{6358BE86-F97E-4EA9-A1AA-BF81B309C900}.Debug|Any CPU.ActiveCfg = Debug|Any CPU
		{6358BE86-F97E-4EA9-A1AA-BF81B309C900}.Debug|Any CPU.Build.0 = Debug|Any CPU
		{6358BE86-F97E-4EA9-A1AA-BF81B309C900}.Release|Any CPU.ActiveCfg = Release|Any CPU
		{6358BE86-F97E-4EA9-A1AA-BF81B309C900}.Release|Any CPU.Build.0 = Release|Any CPU
	EndGlobalSection
	GlobalSection(SolutionProperties) = preSolution
		HideSolutionNode = FALSE
	EndGlobalSection
	GlobalSection(ExtensibilityGlobals) = postSolution
		SolutionGuid = {725F5405-1E32-4101-869E-6E38022B4165}
	EndGlobalSection
EndGlobal
